// !$*UTF8*$!
{
	archiveVersion = 1;
	classes = {
	};
	objectVersion = 56;
	objects = {

/* Begin PBXBuildFile section */
		816A8C3D2B6D583C00D52733 /* PhotoniOSTestApp.swift in Sources */ = {isa = PBXBuildFile; fileRef = 816A8C3C2B6D583C00D52733 /* PhotoniOSTestApp.swift */; };
		816A8C3F2B6D583C00D52733 /* ContentView.swift in Sources */ = {isa = PBXBuildFile; fileRef = 816A8C3E2B6D583C00D52733 /* ContentView.swift */; };
		816A8C412B6D583F00D52733 /* Assets.xcassets in Resources */ = {isa = PBXBuildFile; fileRef = 816A8C402B6D583F00D52733 /* Assets.xcassets */; };
		816A8C442B6D583F00D52733 /* Preview Assets.xcassets in Resources */ = {isa = PBXBuildFile; fileRef = 816A8C432B6D583F00D52733 /* Preview Assets.xcassets */; };
		816A8C4E2B6D583F00D52733 /* PhotoniOSTestTests.swift in Sources */ = {isa = PBXBuildFile; fileRef = 816A8C4D2B6D583F00D52733 /* PhotoniOSTestTests.swift */; };
		816A8C582B6D583F00D52733 /* PhotoniOSTestUITests.swift in Sources */ = {isa = PBXBuildFile; fileRef = 816A8C572B6D583F00D52733 /* PhotoniOSTestUITests.swift */; };
		816A8C5A2B6D583F00D52733 /* PhotoniOSTestUITestsLaunchTests.swift in Sources */ = {isa = PBXBuildFile; fileRef = 816A8C592B6D583F00D52733 /* PhotoniOSTestUITestsLaunchTests.swift */; };
		816A8C6A2B6D58CC00D52733 /* HomeViewModel.swift in Sources */ = {isa = PBXBuildFile; fileRef = 816A8C692B6D58CC00D52733 /* HomeViewModel.swift */; };
		816A8C6C2B6D5B7700D52733 /* HomeModel.swift in Sources */ = {isa = PBXBuildFile; fileRef = 816A8C6B2B6D5B7700D52733 /* HomeModel.swift */; };
		816A8C6E2B6D5F5900D52733 /* ServiceManager.swift in Sources */ = {isa = PBXBuildFile; fileRef = 816A8C6D2B6D5F5900D52733 /* ServiceManager.swift */; };
		816A8C712B6D60EE00D52733 /* MockResponse.json in Resources */ = {isa = PBXBuildFile; fileRef = 816A8C702B6D60EE00D52733 /* MockResponse.json */; };
		816A8C732B6D635C00D52733 /* DetailView.swift in Sources */ = {isa = PBXBuildFile; fileRef = 816A8C722B6D635C00D52733 /* DetailView.swift */; };
/* End PBXBuildFile section */

/* Begin PBXContainerItemProxy section */
		816A8C4A2B6D583F00D52733 /* PBXContainerItemProxy */ = {
			isa = PBXContainerItemProxy;
			containerPortal = 816A8C312B6D583C00D52733 /* Project object */;
			proxyType = 1;
			remoteGlobalIDString = 816A8C382B6D583C00D52733;
			remoteInfo = PhotoniOSTest;
		};
		816A8C542B6D583F00D52733 /* PBXContainerItemProxy */ = {
			isa = PBXContainerItemProxy;
			containerPortal = 816A8C312B6D583C00D52733 /* Project object */;
			proxyType = 1;
			remoteGlobalIDString = 816A8C382B6D583C00D52733;
			remoteInfo = PhotoniOSTest;
		};
/* End PBXContainerItemProxy section */

/* Begin PBXFileReference section */
		816A8C392B6D583C00D52733 /* PhotoniOSTest.app */ = {isa = PBXFileReference; explicitFileType = wrapper.application; includeInIndex = 0; path = PhotoniOSTest.app; sourceTree = BUILT_PRODUCTS_DIR; };
		816A8C3C2B6D583C00D52733 /* PhotoniOSTestApp.swift */ = {isa = PBXFileReference; lastKnownFileType = sourcecode.swift; path = PhotoniOSTestApp.swift; sourceTree = "<group>"; };
		816A8C3E2B6D583C00D52733 /* ContentView.swift */ = {isa = PBXFileReference; lastKnownFileType = sourcecode.swift; path = ContentView.swift; sourceTree = "<group>"; };
		816A8C402B6D583F00D52733 /* Assets.xcassets */ = {isa = PBXFileReference; lastKnownFileType = folder.assetcatalog; path = Assets.xcassets; sourceTree = "<group>"; };
		816A8C432B6D583F00D52733 /* Preview Assets.xcassets */ = {isa = PBXFileReference; lastKnownFileType = folder.assetcatalog; path = "Preview Assets.xcassets"; sourceTree = "<group>"; };
		816A8C492B6D583F00D52733 /* PhotoniOSTestTests.xctest */ = {isa = PBXFileReference; explicitFileType = wrapper.cfbundle; includeInIndex = 0; path = PhotoniOSTestTests.xctest; sourceTree = BUILT_PRODUCTS_DIR; };
		816A8C4D2B6D583F00D52733 /* PhotoniOSTestTests.swift */ = {isa = PBXFileReference; lastKnownFileType = sourcecode.swift; path = PhotoniOSTestTests.swift; sourceTree = "<group>"; };
		816A8C532B6D583F00D52733 /* PhotoniOSTestUITests.xctest */ = {isa = PBXFileReference; explicitFileType = wrapper.cfbundle; includeInIndex = 0; path = PhotoniOSTestUITests.xctest; sourceTree = BUILT_PRODUCTS_DIR; };
		816A8C572B6D583F00D52733 /* PhotoniOSTestUITests.swift */ = {isa = PBXFileReference; lastKnownFileType = sourcecode.swift; path = PhotoniOSTestUITests.swift; sourceTree = "<group>"; };
		816A8C592B6D583F00D52733 /* PhotoniOSTestUITestsLaunchTests.swift */ = {isa = PBXFileReference; lastKnownFileType = sourcecode.swift; path = PhotoniOSTestUITestsLaunchTests.swift; sourceTree = "<group>"; };
		816A8C692B6D58CC00D52733 /* HomeViewModel.swift */ = {isa = PBXFileReference; lastKnownFileType = sourcecode.swift; path = HomeViewModel.swift; sourceTree = "<group>"; };
		816A8C6B2B6D5B7700D52733 /* HomeModel.swift */ = {isa = PBXFileReference; lastKnownFileType = sourcecode.swift; path = HomeModel.swift; sourceTree = "<group>"; };
		816A8C6D2B6D5F5900D52733 /* ServiceManager.swift */ = {isa = PBXFileReference; lastKnownFileType = sourcecode.swift; path = ServiceManager.swift; sourceTree = "<group>"; };
		816A8C702B6D60EE00D52733 /* MockResponse.json */ = {isa = PBXFileReference; lastKnownFileType = text.json; path = MockResponse.json; sourceTree = "<group>"; };
		816A8C722B6D635C00D52733 /* DetailView.swift */ = {isa = PBXFileReference; lastKnownFileType = sourcecode.swift; path = DetailView.swift; sourceTree = "<group>"; };
/* End PBXFileReference section */

/* Begin PBXFrameworksBuildPhase section */
		816A8C362B6D583C00D52733 /* Frameworks */ = {
			isa = PBXFrameworksBuildPhase;
			buildActionMask = 2147483647;
			files = (
			);
			runOnlyForDeploymentPostprocessing = 0;
		};
		816A8C462B6D583F00D52733 /* Frameworks */ = {
			isa = PBXFrameworksBuildPhase;
			buildActionMask = 2147483647;
			files = (
			);
			runOnlyForDeploymentPostprocessing = 0;
		};
		816A8C502B6D583F00D52733 /* Frameworks */ = {
			isa = PBXFrameworksBuildPhase;
			buildActionMask = 2147483647;
			files = (
			);
			runOnlyForDeploymentPostprocessing = 0;
		};
/* End PBXFrameworksBuildPhase section */

/* Begin PBXGroup section */
		816A8C302B6D583C00D52733 = {
			isa = PBXGroup;
			children = (
				816A8C3B2B6D583C00D52733 /* PhotoniOSTest */,
				816A8C4C2B6D583F00D52733 /* PhotoniOSTestTests */,
				816A8C562B6D583F00D52733 /* PhotoniOSTestUITests */,
				816A8C3A2B6D583C00D52733 /* Products */,
			);
			sourceTree = "<group>";
		};
		816A8C3A2B6D583C00D52733 /* Products */ = {
			isa = PBXGroup;
			children = (
				816A8C392B6D583C00D52733 /* PhotoniOSTest.app */,
				816A8C492B6D583F00D52733 /* PhotoniOSTestTests.xctest */,
				816A8C532B6D583F00D52733 /* PhotoniOSTestUITests.xctest */,
			);
			name = Products;
			sourceTree = "<group>";
		};
		816A8C3B2B6D583C00D52733 /* PhotoniOSTest */ = {
			isa = PBXGroup;
			children = (
				816A8C3C2B6D583C00D52733 /* PhotoniOSTestApp.swift */,
				816A8C6D2B6D5F5900D52733 /* ServiceManager.swift */,
				816A8C672B6D587E00D52733 /* View */,
				816A8C6F2B6D60AF00D52733 /* Resources */,
				816A8C682B6D588A00D52733 /* ViewModel */,
				816A8C662B6D587400D52733 /* Model */,
				816A8C402B6D583F00D52733 /* Assets.xcassets */,
				816A8C422B6D583F00D52733 /* Preview Content */,
			);
			path = PhotoniOSTest;
			sourceTree = "<group>";
		};
		816A8C422B6D583F00D52733 /* Preview Content */ = {
			isa = PBXGroup;
			children = (
				816A8C432B6D583F00D52733 /* Preview Assets.xcassets */,
			);
			path = "Preview Content";
			sourceTree = "<group>";
		};
		816A8C4C2B6D583F00D52733 /* PhotoniOSTestTests */ = {
			isa = PBXGroup;
			children = (
				816A8C4D2B6D583F00D52733 /* PhotoniOSTestTests.swift */,
			);
			path = PhotoniOSTestTests;
			sourceTree = "<group>";
		};
		816A8C562B6D583F00D52733 /* PhotoniOSTestUITests */ = {
			isa = PBXGroup;
			children = (
				816A8C572B6D583F00D52733 /* PhotoniOSTestUITests.swift */,
				816A8C592B6D583F00D52733 /* PhotoniOSTestUITestsLaunchTests.swift */,
			);
			path = PhotoniOSTestUITests;
			sourceTree = "<group>";
		};
		816A8C662B6D587400D52733 /* Model */ = {
			isa = PBXGroup;
			children = (
				816A8C6B2B6D5B7700D52733 /* HomeModel.swift */,
			);
			path = Model;
			sourceTree = "<group>";
		};
		816A8C672B6D587E00D52733 /* View */ = {
			isa = PBXGroup;
			children = (
				816A8C3E2B6D583C00D52733 /* ContentView.swift */,
				816A8C722B6D635C00D52733 /* DetailView.swift */,
			);
			path = View;
			sourceTree = "<group>";
		};
		816A8C682B6D588A00D52733 /* ViewModel */ = {
			isa = PBXGroup;
			children = (
				816A8C692B6D58CC00D52733 /* HomeViewModel.swift */,
			);
			path = ViewModel;
			sourceTree = "<group>";
		};
		816A8C6F2B6D60AF00D52733 /* Resources */ = {
			isa = PBXGroup;
			children = (
				816A8C702B6D60EE00D52733 /* MockResponse.json */,
			);
			path = Resources;
			sourceTree = "<group>";
		};
/* End PBXGroup section */

/* Begin PBXNativeTarget section */
		816A8C382B6D583C00D52733 /* PhotoniOSTest */ = {
			isa = PBXNativeTarget;
			buildConfigurationList = 816A8C5D2B6D583F00D52733 /* Build configuration list for PBXNativeTarget "PhotoniOSTest" */;
			buildPhases = (
				816A8C352B6D583C00D52733 /* Sources */,
				816A8C362B6D583C00D52733 /* Frameworks */,
				816A8C372B6D583C00D52733 /* Resources */,
			);
			buildRules = (
			);
			dependencies = (
			);
			name = PhotoniOSTest;
			productName = PhotoniOSTest;
			productReference = 816A8C392B6D583C00D52733 /* PhotoniOSTest.app */;
			productType = "com.apple.product-type.application";
		};
		816A8C482B6D583F00D52733 /* PhotoniOSTestTests */ = {
			isa = PBXNativeTarget;
			buildConfigurationList = 816A8C602B6D583F00D52733 /* Build configuration list for PBXNativeTarget "PhotoniOSTestTests" */;
			buildPhases = (
				816A8C452B6D583F00D52733 /* Sources */,
				816A8C462B6D583F00D52733 /* Frameworks */,
				816A8C472B6D583F00D52733 /* Resources */,
			);
			buildRules = (
			);
			dependencies = (
				816A8C4B2B6D583F00D52733 /* PBXTargetDependency */,
			);
			name = PhotoniOSTestTests;
			productName = PhotoniOSTestTests;
			productReference = 816A8C492B6D583F00D52733 /* PhotoniOSTestTests.xctest */;
			productType = "com.apple.product-type.bundle.unit-test";
		};
		816A8C522B6D583F00D52733 /* PhotoniOSTestUITests */ = {
			isa = PBXNativeTarget;
			buildConfigurationList = 816A8C632B6D583F00D52733 /* Build configuration list for PBXNativeTarget "PhotoniOSTestUITests" */;
			buildPhases = (
				816A8C4F2B6D583F00D52733 /* Sources */,
				816A8C502B6D583F00D52733 /* Frameworks */,
				816A8C512B6D583F00D52733 /* Resources */,
			);
			buildRules = (
			);
			dependencies = (
				816A8C552B6D583F00D52733 /* PBXTargetDependency */,
			);
			name = PhotoniOSTestUITests;
			productName = PhotoniOSTestUITests;
			productReference = 816A8C532B6D583F00D52733 /* PhotoniOSTestUITests.xctest */;
			productType = "com.apple.product-type.bundle.ui-testing";
		};
/* End PBXNativeTarget section */

/* Begin PBXProject section */
		816A8C312B6D583C00D52733 /* Project object */ = {
			isa = PBXProject;
			attributes = {
				BuildIndependentTargetsInParallel = 1;
				LastSwiftUpdateCheck = 1500;
				LastUpgradeCheck = 1500;
				TargetAttributes = {
					816A8C382B6D583C00D52733 = {
						CreatedOnToolsVersion = 15.0.1;
					};
					816A8C482B6D583F00D52733 = {
						CreatedOnToolsVersion = 15.0.1;
						TestTargetID = 816A8C382B6D583C00D52733;
					};
					816A8C522B6D583F00D52733 = {
						CreatedOnToolsVersion = 15.0.1;
						TestTargetID = 816A8C382B6D583C00D52733;
					};
				};
			};
			buildConfigurationList = 816A8C342B6D583C00D52733 /* Build configuration list for PBXProject "PhotoniOSTest" */;
			compatibilityVersion = "Xcode 14.0";
			developmentRegion = en;
			hasScannedForEncodings = 0;
			knownRegions = (
				en,
				Base,
			);
			mainGroup = 816A8C302B6D583C00D52733;
			productRefGroup = 816A8C3A2B6D583C00D52733 /* Products */;
			projectDirPath = "";
			projectRoot = "";
			targets = (
				816A8C382B6D583C00D52733 /* PhotoniOSTest */,
				816A8C482B6D583F00D52733 /* PhotoniOSTestTests */,
				816A8C522B6D583F00D52733 /* PhotoniOSTestUITests */,
			);
		};
/* End PBXProject section */

/* Begin PBXResourcesBuildPhase section */
		816A8C372B6D583C00D52733 /* Resources */ = {
			isa = PBXResourcesBuildPhase;
			buildActionMask = 2147483647;
			files = (
				816A8C442B6D583F00D52733 /* Preview Assets.xcassets in Resources */,
				816A8C412B6D583F00D52733 /* Assets.xcassets in Resources */,
				816A8C712B6D60EE00D52733 /* MockResponse.json in Resources */,
			);
			runOnlyForDeploymentPostprocessing = 0;
		};
		816A8C472B6D583F00D52733 /* Resources */ = {
			isa = PBXResourcesBuildPhase;
			buildActionMask = 2147483647;
			files = (
			);
			runOnlyForDeploymentPostprocessing = 0;
		};
		816A8C512B6D583F00D52733 /* Resources */ = {
			isa = PBXResourcesBuildPhase;
			buildActionMask = 2147483647;
			files = (
			);
			runOnlyForDeploymentPostprocessing = 0;
		};
/* End PBXResourcesBuildPhase section */

/* Begin PBXSourcesBuildPhase section */
		816A8C352B6D583C00D52733 /* Sources */ = {
			isa = PBXSourcesBuildPhase;
			buildActionMask = 2147483647;
			files = (
				816A8C6C2B6D5B7700D52733 /* HomeModel.swift in Sources */,
				816A8C732B6D635C00D52733 /* DetailView.swift in Sources */,
				816A8C3F2B6D583C00D52733 /* ContentView.swift in Sources */,
				816A8C6A2B6D58CC00D52733 /* HomeViewModel.swift in Sources */,
				816A8C3D2B6D583C00D52733 /* PhotoniOSTestApp.swift in Sources */,
				816A8C6E2B6D5F5900D52733 /* ServiceManager.swift in Sources */,
			);
			runOnlyForDeploymentPostprocessing = 0;
		};
		816A8C452B6D583F00D52733 /* Sources */ = {
			isa = PBXSourcesBuildPhase;
			buildActionMask = 2147483647;
			files = (
				816A8C4E2B6D583F00D52733 /* PhotoniOSTestTests.swift in Sources */,
			);
			runOnlyForDeploymentPostprocessing = 0;
		};
		816A8C4F2B6D583F00D52733 /* Sources */ = {
			isa = PBXSourcesBuildPhase;
			buildActionMask = 2147483647;
			files = (
				816A8C5A2B6D583F00D52733 /* PhotoniOSTestUITestsLaunchTests.swift in Sources */,
				816A8C582B6D583F00D52733 /* PhotoniOSTestUITests.swift in Sources */,
			);
			runOnlyForDeploymentPostprocessing = 0;
		};
/* End PBXSourcesBuildPhase section */

/* Begin PBXTargetDependency section */
		816A8C4B2B6D583F00D52733 /* PBXTargetDependency */ = {
			isa = PBXTargetDependency;
			target = 816A8C382B6D583C00D52733 /* PhotoniOSTest */;
			targetProxy = 816A8C4A2B6D583F00D52733 /* PBXContainerItemProxy */;
		};
		816A8C552B6D583F00D52733 /* PBXTargetDependency */ = {
			isa = PBXTargetDependency;
			target = 816A8C382B6D583C00D52733 /* PhotoniOSTest */;
			targetProxy = 816A8C542B6D583F00D52733 /* PBXContainerItemProxy */;
		};
/* End PBXTargetDependency section */

/* Begin XCBuildConfiguration section */
		816A8C5B2B6D583F00D52733 /* Debug */ = {
			isa = XCBuildConfiguration;
			buildSettings = {
				ALWAYS_SEARCH_USER_PATHS = NO;
				ASSETCATALOG_COMPILER_GENERATE_SWIFT_ASSET_SYMBOL_EXTENSIONS = YES;
				CLANG_ANALYZER_NONNULL = YES;
				CLANG_ANALYZER_NUMBER_OBJECT_CONVERSION = YES_AGGRESSIVE;
				CLANG_CXX_LANGUAGE_STANDARD = "gnu++20";
				CLANG_ENABLE_MODULES = YES;
				CLANG_ENABLE_OBJC_ARC = YES;
				CLANG_ENABLE_OBJC_WEAK = YES;
				CLANG_WARN_BLOCK_CAPTURE_AUTORELEASING = YES;
				CLANG_WARN_BOOL_CONVERSION = YES;
				CLANG_WARN_COMMA = YES;
				CLANG_WARN_CONSTANT_CONVERSION = YES;
				CLANG_WARN_DEPRECATED_OBJC_IMPLEMENTATIONS = YES;
				CLANG_WARN_DIRECT_OBJC_ISA_USAGE = YES_ERROR;
				CLANG_WARN_DOCUMENTATION_COMMENTS = YES;
				CLANG_WARN_EMPTY_BODY = YES;
				CLANG_WARN_ENUM_CONVERSION = YES;
				CLANG_WARN_INFINITE_RECURSION = YES;
				CLANG_WARN_INT_CONVERSION = YES;
				CLANG_WARN_NON_LITERAL_NULL_CONVERSION = YES;
				CLANG_WARN_OBJC_IMPLICIT_RETAIN_SELF = YES;
				CLANG_WARN_OBJC_LITERAL_CONVERSION = YES;
				CLANG_WARN_OBJC_ROOT_CLASS = YES_ERROR;
				CLANG_WARN_QUOTED_INCLUDE_IN_FRAMEWORK_HEADER = YES;
				CLANG_WARN_RANGE_LOOP_ANALYSIS = YES;
				CLANG_WARN_STRICT_PROTOTYPES = YES;
				CLANG_WARN_SUSPICIOUS_MOVE = YES;
				CLANG_WARN_UNGUARDED_AVAILABILITY = YES_AGGRESSIVE;
				CLANG_WARN_UNREACHABLE_CODE = YES;
				CLANG_WARN__DUPLICATE_METHOD_MATCH = YES;
				COPY_PHASE_STRIP = NO;
				DEBUG_INFORMATION_FORMAT = dwarf;
				ENABLE_STRICT_OBJC_MSGSEND = YES;
				ENABLE_TESTABILITY = YES;
				ENABLE_USER_SCRIPT_SANDBOXING = YES;
				GCC_C_LANGUAGE_STANDARD = gnu17;
				GCC_DYNAMIC_NO_PIC = NO;
				GCC_NO_COMMON_BLOCKS = YES;
				GCC_OPTIMIZATION_LEVEL = 0;
				GCC_PREPROCESSOR_DEFINITIONS = (
					"DEBUG=1",
					"$(inherited)",
				);
				GCC_WARN_64_TO_32_BIT_CONVERSION = YES;
				GCC_WARN_ABOUT_RETURN_TYPE = YES_ERROR;
				GCC_WARN_UNDECLARED_SELECTOR = YES;
				GCC_WARN_UNINITIALIZED_AUTOS = YES_AGGRESSIVE;
				GCC_WARN_UNUSED_FUNCTION = YES;
				GCC_WARN_UNUSED_VARIABLE = YES;
				IPHONEOS_DEPLOYMENT_TARGET = 17.0;
				LOCALIZATION_PREFERS_STRING_CATALOGS = YES;
				MTL_ENABLE_DEBUG_INFO = INCLUDE_SOURCE;
				MTL_FAST_MATH = YES;
				ONLY_ACTIVE_ARCH = YES;
				SDKROOT = iphoneos;
				SWIFT_ACTIVE_COMPILATION_CONDITIONS = "DEBUG $(inherited)";
				SWIFT_OPTIMIZATION_LEVEL = "-Onone";
			};
			name = Debug;
		};
		816A8C5C2B6D583F00D52733 /* Release */ = {
			isa = XCBuildConfiguration;
			buildSettings = {
				ALWAYS_SEARCH_USER_PATHS = NO;
				ASSETCATALOG_COMPILER_GENERATE_SWIFT_ASSET_SYMBOL_EXTENSIONS = YES;
				CLANG_ANALYZER_NONNULL = YES;
				CLANG_ANALYZER_NUMBER_OBJECT_CONVERSION = YES_AGGRESSIVE;
				CLANG_CXX_LANGUAGE_STANDARD = "gnu++20";
				CLANG_ENABLE_MODULES = YES;
				CLANG_ENABLE_OBJC_ARC = YES;
				CLANG_ENABLE_OBJC_WEAK = YES;
				CLANG_WARN_BLOCK_CAPTURE_AUTORELEASING = YES;
				CLANG_WARN_BOOL_CONVERSION = YES;
				CLANG_WARN_COMMA = YES;
				CLANG_WARN_CONSTANT_CONVERSION = YES;
				CLANG_WARN_DEPRECATED_OBJC_IMPLEMENTATIONS = YES;
				CLANG_WARN_DIRECT_OBJC_ISA_USAGE = YES_ERROR;
				CLANG_WARN_DOCUMENTATION_COMMENTS = YES;
				CLANG_WARN_EMPTY_BODY = YES;
				CLANG_WARN_ENUM_CONVERSION = YES;
				CLANG_WARN_INFINITE_RECURSION = YES;
				CLANG_WARN_INT_CONVERSION = YES;
				CLANG_WARN_NON_LITERAL_NULL_CONVERSION = YES;
				CLANG_WARN_OBJC_IMPLICIT_RETAIN_SELF = YES;
				CLANG_WARN_OBJC_LITERAL_CONVERSION = YES;
				CLANG_WARN_OBJC_ROOT_CLASS = YES_ERROR;
				CLANG_WARN_QUOTED_INCLUDE_IN_FRAMEWORK_HEADER = YES;
				CLANG_WARN_RANGE_LOOP_ANALYSIS = YES;
				CLANG_WARN_STRICT_PROTOTYPES = YES;
				CLANG_WARN_SUSPICIOUS_MOVE = YES;
				CLANG_WARN_UNGUARDED_AVAILABILITY = YES_AGGRESSIVE;
				CLANG_WARN_UNREACHABLE_CODE = YES;
				CLANG_WARN__DUPLICATE_METHOD_MATCH = YES;
				COPY_PHASE_STRIP = NO;
				DEBUG_INFORMATION_FORMAT = "dwarf-with-dsym";
				ENABLE_NS_ASSERTIONS = NO;
				ENABLE_STRICT_OBJC_MSGSEND = YES;
				ENABLE_USER_SCRIPT_SANDBOXING = YES;
				GCC_C_LANGUAGE_STANDARD = gnu17;
				GCC_NO_COMMON_BLOCKS = YES;
				GCC_WARN_64_TO_32_BIT_CONVERSION = YES;
				GCC_WARN_ABOUT_RETURN_TYPE = YES_ERROR;
				GCC_WARN_UNDECLARED_SELECTOR = YES;
				GCC_WARN_UNINITIALIZED_AUTOS = YES_AGGRESSIVE;
				GCC_WARN_UNUSED_FUNCTION = YES;
				GCC_WARN_UNUSED_VARIABLE = YES;
				IPHONEOS_DEPLOYMENT_TARGET = 17.0;
				LOCALIZATION_PREFERS_STRING_CATALOGS = YES;
				MTL_ENABLE_DEBUG_INFO = NO;
				MTL_FAST_MATH = YES;
				SDKROOT = iphoneos;
				SWIFT_COMPILATION_MODE = wholemodule;
				VALIDATE_PRODUCT = YES;
			};
			name = Release;
		};
		816A8C5E2B6D583F00D52733 /* Debug */ = {
			isa = XCBuildConfiguration;
			buildSettings = {
				ASSETCATALOG_COMPILER_APPICON_NAME = AppIcon;
				ASSETCATALOG_COMPILER_GLOBAL_ACCENT_COLOR_NAME = AccentColor;
				CODE_SIGN_STYLE = Automatic;
				CURRENT_PROJECT_VERSION = 1;
				DEVELOPMENT_ASSET_PATHS = "\"PhotoniOSTest/Preview Content\"";
				ENABLE_PREVIEWS = YES;
				GENERATE_INFOPLIST_FILE = YES;
				INFOPLIST_KEY_UIApplicationSceneManifest_Generation = YES;
				INFOPLIST_KEY_UIApplicationSupportsIndirectInputEvents = YES;
				INFOPLIST_KEY_UILaunchScreen_Generation = YES;
				INFOPLIST_KEY_UISupportedInterfaceOrientations_iPad = "UIInterfaceOrientationPortrait UIInterfaceOrientationPortraitUpsideDown UIInterfaceOrientationLandscapeLeft UIInterfaceOrientationLandscapeRight";
				INFOPLIST_KEY_UISupportedInterfaceOrientations_iPhone = "UIInterfaceOrientationPortrait UIInterfaceOrientationLandscapeLeft UIInterfaceOrientationLandscapeRight";
				LD_RUNPATH_SEARCH_PATHS = (
					"$(inherited)",
					"@executable_path/Frameworks",
				);
				MARKETING_VERSION = 1.0;
				PRODUCT_BUNDLE_IDENTIFIER = co.mohan.PhotoniOSTest;
				PRODUCT_NAME = "$(TARGET_NAME)";
				SWIFT_EMIT_LOC_STRINGS = YES;
				SWIFT_VERSION = 5.0;
				TARGETED_DEVICE_FAMILY = "1,2";
			};
			name = Debug;
		};
		816A8C5F2B6D583F00D52733 /* Release */ = {
			isa = XCBuildConfiguration;
			buildSettings = {
				ASSETCATALOG_COMPILER_APPICON_NAME = AppIcon;
				ASSETCATALOG_COMPILER_GLOBAL_ACCENT_COLOR_NAME = AccentColor;
				CODE_SIGN_STYLE = Automatic;
				CURRENT_PROJECT_VERSION = 1;
				DEVELOPMENT_ASSET_PATHS = "\"PhotoniOSTest/Preview Content\"";
				ENABLE_PREVIEWS = YES;
				GENERATE_INFOPLIST_FILE = YES;
				INFOPLIST_KEY_UIApplicationSceneManifest_Generation = YES;
				INFOPLIST_KEY_UIApplicationSupportsIndirectInputEvents = YES;
				INFOPLIST_KEY_UILaunchScreen_Generation = YES;
				INFOPLIST_KEY_UISupportedInterfaceOrientations_iPad = "UIInterfaceOrientationPortrait UIInterfaceOrientationPortraitUpsideDown UIInterfaceOrientationLandscapeLeft UIInterfaceOrientationLandscapeRight";
				INFOPLIST_KEY_UISupportedInterfaceOrientations_iPhone = "UIInterfaceOrientationPortrait UIInterfaceOrientationLandscapeLeft UIInterfaceOrientationLandscapeRight";
				LD_RUNPATH_SEARCH_PATHS = (
					"$(inherited)",
					"@executable_path/Frameworks",
				);
				MARKETING_VERSION = 1.0;
				PRODUCT_BUNDLE_IDENTIFIER = co.mohan.PhotoniOSTest;
				PRODUCT_NAME = "$(TARGET_NAME)";
				SWIFT_EMIT_LOC_STRINGS = YES;
				SWIFT_VERSION = 5.0;
				TARGETED_DEVICE_FAMILY = "1,2";
			};
			name = Release;
		};
		816A8C612B6D583F00D52733 /* Debug */ = {
			isa = XCBuildConfiguration;
			buildSettings = {
				ALWAYS_EMBED_SWIFT_STANDARD_LIBRARIES = YES;
				BUNDLE_LOADER = "$(TEST_HOST)";
				CODE_SIGN_STYLE = Automatic;
				CURRENT_PROJECT_VERSION = 1;
				GENERATE_INFOPLIST_FILE = YES;
				IPHONEOS_DEPLOYMENT_TARGET = 17.0;
				MARKETING_VERSION = 1.0;
				PRODUCT_BUNDLE_IDENTIFIER = co.mohan.PhotoniOSTestTests;
				PRODUCT_NAME = "$(TARGET_NAME)";
				SWIFT_EMIT_LOC_STRINGS = NO;
				SWIFT_VERSION = 5.0;
				TARGETED_DEVICE_FAMILY = "1,2";
				TEST_HOST = "$(BUILT_PRODUCTS_DIR)/PhotoniOSTest.app/$(BUNDLE_EXECUTABLE_FOLDER_PATH)/PhotoniOSTest";
			};
			name = Debug;
		};
		816A8C622B6D583F00D52733 /* Release */ = {
			isa = XCBuildConfiguration;
			buildSettings = {
				ALWAYS_EMBED_SWIFT_STANDARD_LIBRARIES = YES;
				BUNDLE_LOADER = "$(TEST_HOST)";
				CODE_SIGN_STYLE = Automatic;
				CURRENT_PROJECT_VERSION = 1;
				GENERATE_INFOPLIST_FILE = YES;
				IPHONEOS_DEPLOYMENT_TARGET = 17.0;
				MARKETING_VERSION = 1.0;
				PRODUCT_BUNDLE_IDENTIFIER = co.mohan.PhotoniOSTestTests;
				PRODUCT_NAME = "$(TARGET_NAME)";
				SWIFT_EMIT_LOC_STRINGS = NO;
				SWIFT_VERSION = 5.0;
				TARGETED_DEVICE_FAMILY = "1,2";
				TEST_HOST = "$(BUILT_PRODUCTS_DIR)/PhotoniOSTest.app/$(BUNDLE_EXECUTABLE_FOLDER_PATH)/PhotoniOSTest";
			};
			name = Release;
		};
		816A8C642B6D583F00D52733 /* Debug */ = {
			isa = XCBuildConfiguration;
			buildSettings = {
				ALWAYS_EMBED_SWIFT_STANDARD_LIBRARIES = YES;
				CODE_SIGN_STYLE = Automatic;
				CURRENT_PROJECT_VERSION = 1;
				GENERATE_INFOPLIST_FILE = YES;
				MARKETING_VERSION = 1.0;
				PRODUCT_BUNDLE_IDENTIFIER = co.mohan.PhotoniOSTestUITests;
				PRODUCT_NAME = "$(TARGET_NAME)";
				SWIFT_EMIT_LOC_STRINGS = NO;
				SWIFT_VERSION = 5.0;
				TARGETED_DEVICE_FAMILY = "1,2";
				TEST_TARGET_NAME = PhotoniOSTest;
			};
			name = Debug;
		};
		816A8C652B6D583F00D52733 /* Release */ = {
			isa = XCBuildConfiguration;
			buildSettings = {
				ALWAYS_EMBED_SWIFT_STANDARD_LIBRARIES = YES;
				CODE_SIGN_STYLE = Automatic;
				CURRENT_PROJECT_VERSION = 1;
				GENERATE_INFOPLIST_FILE = YES;
				MARKETING_VERSION = 1.0;
				PRODUCT_BUNDLE_IDENTIFIER = co.mohan.PhotoniOSTestUITests;
				PRODUCT_NAME = "$(TARGET_NAME)";
				SWIFT_EMIT_LOC_STRINGS = NO;
				SWIFT_VERSION = 5.0;
				TARGETED_DEVICE_FAMILY = "1,2";
				TEST_TARGET_NAME = PhotoniOSTest;
			};
			name = Release;
		};
/* End XCBuildConfiguration section */

/* Begin XCConfigurationList section */
		816A8C342B6D583C00D52733 /* Build configuration list for PBXProject "PhotoniOSTest" */ = {
			isa = XCConfigurationList;
			buildConfigurations = (
				816A8C5B2B6D583F00D52733 /* Debug */,
				816A8C5C2B6D583F00D52733 /* Release */,
			);
			defaultConfigurationIsVisible = 0;
			defaultConfigurationName = Release;
		};
		816A8C5D2B6D583F00D52733 /* Build configuration list for PBXNativeTarget "PhotoniOSTest" */ = {
			isa = XCConfigurationList;
			buildConfigurations = (
				816A8C5E2B6D583F00D52733 /* Debug */,
				816A8C5F2B6D583F00D52733 /* Release */,
			);
			defaultConfigurationIsVisible = 0;
			defaultConfigurationName = Release;
		};
		816A8C602B6D583F00D52733 /* Build configuration list for PBXNativeTarget "PhotoniOSTestTests" */ = {
			isa = XCConfigurationList;
			buildConfigurations = (
				816A8C612B6D583F00D52733 /* Debug */,
				816A8C622B6D583F00D52733 /* Release */,
			);
			defaultConfigurationIsVisible = 0;
			defaultConfigurationName = Release;
		};
		816A8C632B6D583F00D52733 /* Build configuration list for PBXNativeTarget "PhotoniOSTestUITests" */ = {
			isa = XCConfigurationList;
			buildConfigurations = (
				816A8C642B6D583F00D52733 /* Debug */,
				816A8C652B6D583F00D52733 /* Release */,
			);
			defaultConfigurationIsVisible = 0;
			defaultConfigurationName = Release;
		};
/* End XCConfigurationList section */
	};
	rootObject = 816A8C312B6D583C00D52733 /* Project object */;
}
